
Microsoft Visual Studio Solution File, Format Version 12.00
# Visual Studio Version 17
VisualStudioVersion = 17.10.35027.167
MinimumVisualStudioVersion = 10.0.40219.1
Project("{FAE04EC0-301F-11D3-BF4B-00C04F79EFBC}") = "InheritancePractice", "InheritancePractice\InheritancePractice.csproj", "{893CDBD5-61E7-4554-9112-C9ABFB539FE7}"
EndProject
Global
	GlobalSection(SolutionConfigurationPlatforms) = preSolution
		Debug|Any CPU = Debug|Any CPU
		Release|Any CPU = Release|Any CPU
	EndGlobalSection
	GlobalSection(ProjectConfigurationPlatforms) = postSolution
		{893CDBD5-61E7-4554-9112-C9ABFB539FE7}.Debug|Any CPU.ActiveCfg = Debug|Any CPU
		{893CDBD5-61E7-4554-9112-C9ABFB539FE7}.Debug|Any CPU.Build.0 = Debug|Any CPU
		{893CDBD5-61E7-4554-9112-C9ABFB539FE7}.Release|Any CPU.ActiveCfg = Release|Any CPU
		{893CDBD5-61E7-4554-9112-C9ABFB539FE7}.Release|Any CPU.Build.0 = Release|Any CPU
	EndGlobalSection
	GlobalSection(SolutionProperties) = preSolution
		HideSolutionNode = FALSE
	EndGlobalSection
	GlobalSection(ExtensibilityGlobals) = postSolution
		SolutionGuid = {9F90C41F-EDA0-40EA-A1F3-31D95D06A63A}
	EndGlobalSection
EndGlobal
